
Microsoft Visual Studio Solution File, Format Version 9.00
# Visual Studio 2005
Project("{8BC9CEB8-8B4A-11D0-8D11-00A0C91BC942}") = "main", "main.vcproj", "{9D97D3D1-E3B9-404F-B85D-3A87583B5882}"
	ProjectSection(ProjectDependencies) = postProject
		{06C05B41-4050-4D58-8264-634BCFC3DE83} = {06C05B41-4050-4D58-8264-634BCFC3DE83}
		{5B3BAC71-EE02-4581-9025-07405C088FB9} = {5B3BAC71-EE02-4581-9025-07405C088FB9}
		{8795791C-D034-45D8-AF5A-50BCE169603E} = {8795791C-D034-45D8-AF5A-50BCE169603E}
	EndProjectSection
EndProject
Project("{8BC9CEB8-8B4A-11D0-8D11-00A0C91BC942}") = "porting", "..\porting\porting.vcproj", "{8795791C-D034-45D8-AF5A-50BCE169603E}"
	ProjectSection(ProjectDependencies) = postProject
		{06C05B41-4050-4D58-8264-634BCFC3DE83} = {06C05B41-4050-4D58-8264-634BCFC3DE83}
		{5B3BAC71-EE02-4581-9025-07405C088FB9} = {5B3BAC71-EE02-4581-9025-07405C088FB9}
	EndProjectSection
EndProject
Project("{8BC9CEB8-8B4A-11D0-8D11-00A0C91BC942}") = "vm", "..\vm\vm.vcproj", "{5B3BAC71-EE02-4581-9025-07405C088FB9}"
	ProjectSection(ProjectDependencies) = postProject
		{06C05B41-4050-4D58-8264-634BCFC3DE83} = {06C05B41-4050-4D58-8264-634BCFC3DE83}
	EndProjectSection
EndProject
Project("{8BC9CEB8-8B4A-11D0-8D11-00A0C91BC942}") = "utils", "..\utils\utils.vcproj", "{06C05B41-4050-4D58-8264-634BCFC3DE83}"
EndProject
Global
	GlobalSection(SolutionConfigurationPlatforms) = preSolution
		Debug|Win32 = Debug|Win32
		Release|Win32 = Release|Win32
	EndGlobalSection
	GlobalSection(ProjectConfigurationPlatforms) = postSolution
		{9D97D3D1-E3B9-404F-B85D-3A87583B5882}.Debug|Win32.ActiveCfg = Debug|Win32
		{9D97D3D1-E3B9-404F-B85D-3A87583B5882}.Debug|Win32.Build.0 = Debug|Win32
		{9D97D3D1-E3B9-404F-B85D-3A87583B5882}.Release|Win32.ActiveCfg = Release|Win32
		{9D97D3D1-E3B9-404F-B85D-3A87583B5882}.Release|Win32.Build.0 = Release|Win32
		{8795791C-D034-45D8-AF5A-50BCE169603E}.Debug|Win32.ActiveCfg = Debug|Win32
		{8795791C-D034-45D8-AF5A-50BCE169603E}.Debug|Win32.Build.0 = Debug|Win32
		{8795791C-D034-45D8-AF5A-50BCE169603E}.Release|Win32.ActiveCfg = Release|Win32
		{8795791C-D034-45D8-AF5A-50BCE169603E}.Release|Win32.Build.0 = Release|Win32
		{5B3BAC71-EE02-4581-9025-07405C088FB9}.Debug|Win32.ActiveCfg = Debug|Win32
		{5B3BAC71-EE02-4581-9025-07405C088FB9}.Debug|Win32.Build.0 = Debug|Win32
		{5B3BAC71-EE02-4581-9025-07405C088FB9}.Release|Win32.ActiveCfg = Release|Win32
		{5B3BAC71-EE02-4581-9025-07405C088FB9}.Release|Win32.Build.0 = Release|Win32
		{06C05B41-4050-4D58-8264-634BCFC3DE83}.Debug|Win32.ActiveCfg = Debug|Win32
		{06C05B41-4050-4D58-8264-634BCFC3DE83}.Debug|Win32.Build.0 = Debug|Win32
		{06C05B41-4050-4D58-8264-634BCFC3DE83}.Release|Win32.ActiveCfg = Release|Win32
		{06C05B41-4050-4D58-8264-634BCFC3DE83}.Release|Win32.Build.0 = Release|Win32
	EndGlobalSection
	GlobalSection(SolutionProperties) = preSolution
		HideSolutionNode = FALSE
	EndGlobalSection
EndGlobal
