
Microsoft Visual Studio Solution File, Format Version 9.00
# Visual Studio 2005
Project("{8BC9CEB8-8B4A-11D0-8D11-00A0C91BC942}") = "main", "main.vcproj", "{9D97D3D1-E3B9-404F-B85D-3A87583B5882}"
	ProjectSection(ProjectDependencies) = postProject
		{8795791C-D034-45D8-AF5A-50BCE169603E} = {8795791C-D034-45D8-AF5A-50BCE169603E}
		{C919FD1D-F888-473C-87A3-968F90990662} = {C919FD1D-F888-473C-87A3-968F90990662}
		{F0856E28-BDB9-4341-AA19-2056D22CA798} = {F0856E28-BDB9-4341-AA19-2056D22CA798}
		{9BF76B3F-26CE-4D63-B1E5-EA9F20EA6919} = {9BF76B3F-26CE-4D63-B1E5-EA9F20EA6919}
		{06C05B41-4050-4D58-8264-634BCFC3DE83} = {06C05B41-4050-4D58-8264-634BCFC3DE83}
		{1E652161-6AD6-4F0A-B848-B4ED1EE117CD} = {1E652161-6AD6-4F0A-B848-B4ED1EE117CD}
		{5B3BAC71-EE02-4581-9025-07405C088FB9} = {5B3BAC71-EE02-4581-9025-07405C088FB9}
	EndProjectSection
EndProject
Project("{8BC9CEB8-8B4A-11D0-8D11-00A0C91BC942}") = "porting", "..\porting\porting.vcproj", "{8795791C-D034-45D8-AF5A-50BCE169603E}"
	ProjectSection(ProjectDependencies) = postProject
		{C919FD1D-F888-473C-87A3-968F90990662} = {C919FD1D-F888-473C-87A3-968F90990662}
		{06C05B41-4050-4D58-8264-634BCFC3DE83} = {06C05B41-4050-4D58-8264-634BCFC3DE83}
		{1E652161-6AD6-4F0A-B848-B4ED1EE117CD} = {1E652161-6AD6-4F0A-B848-B4ED1EE117CD}
		{5B3BAC71-EE02-4581-9025-07405C088FB9} = {5B3BAC71-EE02-4581-9025-07405C088FB9}
	EndProjectSection
EndProject
Project("{8BC9CEB8-8B4A-11D0-8D11-00A0C91BC942}") = "vm", "..\vm\vm.vcproj", "{5B3BAC71-EE02-4581-9025-07405C088FB9}"
	ProjectSection(ProjectDependencies) = postProject
		{06C05B41-4050-4D58-8264-634BCFC3DE83} = {06C05B41-4050-4D58-8264-634BCFC3DE83}
	EndProjectSection
EndProject
Project("{8BC9CEB8-8B4A-11D0-8D11-00A0C91BC942}") = "utils", "..\utils\utils.vcproj", "{06C05B41-4050-4D58-8264-634BCFC3DE83}"
EndProject
Project("{8BC9CEB8-8B4A-11D0-8D11-00A0C91BC942}") = "rAms", "..\rAms\rAms.vcproj", "{F0856E28-BDB9-4341-AA19-2056D22CA798}"
	ProjectSection(ProjectDependencies) = postProject
		{8795791C-D034-45D8-AF5A-50BCE169603E} = {8795791C-D034-45D8-AF5A-50BCE169603E}
		{C919FD1D-F888-473C-87A3-968F90990662} = {C919FD1D-F888-473C-87A3-968F90990662}
	EndProjectSection
EndProject
Project("{8BC9CEB8-8B4A-11D0-8D11-00A0C91BC942}") = "zlib", "..\zlib\zlib.vcproj", "{C919FD1D-F888-473C-87A3-968F90990662}"
EndProject
Project("{8BC9CEB8-8B4A-11D0-8D11-00A0C91BC942}") = "www", "..\www\www.vcproj", "{9BF76B3F-26CE-4D63-B1E5-EA9F20EA6919}"
	ProjectSection(ProjectDependencies) = postProject
		{06C05B41-4050-4D58-8264-634BCFC3DE83} = {06C05B41-4050-4D58-8264-634BCFC3DE83}
		{5B3BAC71-EE02-4581-9025-07405C088FB9} = {5B3BAC71-EE02-4581-9025-07405C088FB9}
	EndProjectSection
EndProject
Project("{8BC9CEB8-8B4A-11D0-8D11-00A0C91BC942}") = "testwww", "..\testwww\testwww.vcproj", "{988C5EB7-5DDE-4DAA-B7CE-5E705302F5A8}"
	ProjectSection(ProjectDependencies) = postProject
		{5B3BAC71-EE02-4581-9025-07405C088FB9} = {5B3BAC71-EE02-4581-9025-07405C088FB9}
	EndProjectSection
EndProject
Project("{8BC9CEB8-8B4A-11D0-8D11-00A0C91BC942}") = "mqtt", "..\mqtt\mqtt.vcproj", "{1E652161-6AD6-4F0A-B848-B4ED1EE117CD}"
EndProject
Global
	GlobalSection(SolutionConfigurationPlatforms) = preSolution
		Debug|Win32 = Debug|Win32
		Release|Win32 = Release|Win32
	EndGlobalSection
	GlobalSection(ProjectConfigurationPlatforms) = postSolution
		{9D97D3D1-E3B9-404F-B85D-3A87583B5882}.Debug|Win32.ActiveCfg = Debug|Win32
		{9D97D3D1-E3B9-404F-B85D-3A87583B5882}.Debug|Win32.Build.0 = Debug|Win32
		{9D97D3D1-E3B9-404F-B85D-3A87583B5882}.Release|Win32.ActiveCfg = Release|Win32
		{9D97D3D1-E3B9-404F-B85D-3A87583B5882}.Release|Win32.Build.0 = Release|Win32
		{8795791C-D034-45D8-AF5A-50BCE169603E}.Debug|Win32.ActiveCfg = Debug|Win32
		{8795791C-D034-45D8-AF5A-50BCE169603E}.Debug|Win32.Build.0 = Debug|Win32
		{8795791C-D034-45D8-AF5A-50BCE169603E}.Release|Win32.ActiveCfg = Release|Win32
		{8795791C-D034-45D8-AF5A-50BCE169603E}.Release|Win32.Build.0 = Release|Win32
		{5B3BAC71-EE02-4581-9025-07405C088FB9}.Debug|Win32.ActiveCfg = Debug|Win32
		{5B3BAC71-EE02-4581-9025-07405C088FB9}.Debug|Win32.Build.0 = Debug|Win32
		{5B3BAC71-EE02-4581-9025-07405C088FB9}.Release|Win32.ActiveCfg = Release|Win32
		{5B3BAC71-EE02-4581-9025-07405C088FB9}.Release|Win32.Build.0 = Release|Win32
		{06C05B41-4050-4D58-8264-634BCFC3DE83}.Debug|Win32.ActiveCfg = Debug|Win32
		{06C05B41-4050-4D58-8264-634BCFC3DE83}.Debug|Win32.Build.0 = Debug|Win32
		{06C05B41-4050-4D58-8264-634BCFC3DE83}.Release|Win32.ActiveCfg = Release|Win32
		{06C05B41-4050-4D58-8264-634BCFC3DE83}.Release|Win32.Build.0 = Release|Win32
		{F0856E28-BDB9-4341-AA19-2056D22CA798}.Debug|Win32.ActiveCfg = Debug|Win32
		{F0856E28-BDB9-4341-AA19-2056D22CA798}.Debug|Win32.Build.0 = Debug|Win32
		{F0856E28-BDB9-4341-AA19-2056D22CA798}.Release|Win32.ActiveCfg = Release|Win32
		{F0856E28-BDB9-4341-AA19-2056D22CA798}.Release|Win32.Build.0 = Release|Win32
		{C919FD1D-F888-473C-87A3-968F90990662}.Debug|Win32.ActiveCfg = Debug|Win32
		{C919FD1D-F888-473C-87A3-968F90990662}.Debug|Win32.Build.0 = Debug|Win32
		{C919FD1D-F888-473C-87A3-968F90990662}.Release|Win32.ActiveCfg = Release|Win32
		{C919FD1D-F888-473C-87A3-968F90990662}.Release|Win32.Build.0 = Release|Win32
		{9BF76B3F-26CE-4D63-B1E5-EA9F20EA6919}.Debug|Win32.ActiveCfg = Debug|Win32
		{9BF76B3F-26CE-4D63-B1E5-EA9F20EA6919}.Debug|Win32.Build.0 = Debug|Win32
		{9BF76B3F-26CE-4D63-B1E5-EA9F20EA6919}.Release|Win32.ActiveCfg = Release|Win32
		{9BF76B3F-26CE-4D63-B1E5-EA9F20EA6919}.Release|Win32.Build.0 = Release|Win32
		{988C5EB7-5DDE-4DAA-B7CE-5E705302F5A8}.Debug|Win32.ActiveCfg = Debug|Win32
		{988C5EB7-5DDE-4DAA-B7CE-5E705302F5A8}.Debug|Win32.Build.0 = Debug|Win32
		{988C5EB7-5DDE-4DAA-B7CE-5E705302F5A8}.Release|Win32.ActiveCfg = Release|Win32
		{988C5EB7-5DDE-4DAA-B7CE-5E705302F5A8}.Release|Win32.Build.0 = Release|Win32
		{1E652161-6AD6-4F0A-B848-B4ED1EE117CD}.Debug|Win32.ActiveCfg = Debug|Win32
		{1E652161-6AD6-4F0A-B848-B4ED1EE117CD}.Debug|Win32.Build.0 = Debug|Win32
		{1E652161-6AD6-4F0A-B848-B4ED1EE117CD}.Release|Win32.ActiveCfg = Release|Win32
		{1E652161-6AD6-4F0A-B848-B4ED1EE117CD}.Release|Win32.Build.0 = Release|Win32
	EndGlobalSection
	GlobalSection(SolutionProperties) = preSolution
		HideSolutionNode = FALSE
	EndGlobalSection
EndGlobal
